// !$*UTF8*$!
{
	archiveVersion = 1;
	classes = {
	};
	objectVersion = 46;
	objects = {

/* Begin PBXBuildFile section */
		14734AE21E211C8000AE163F /* main.m in Sources */ = {isa = PBXBuildFile; fileRef = 14734AE11E211C8000AE163F /* main.m */; };
		14734AE51E211C8000AE163F /* AppDelegate.m in Sources */ = {isa = PBXBuildFile; fileRef = 14734AE41E211C8000AE163F /* AppDelegate.m */; };
		14734AE81E211C8000AE163F /* ViewController.m in Sources */ = {isa = PBXBuildFile; fileRef = 14734AE71E211C8000AE163F /* ViewController.m */; };
		14734AEB1E211C8000AE163F /* Main.storyboard in Resources */ = {isa = PBXBuildFile; fileRef = 14734AE91E211C8000AE163F /* Main.storyboard */; };
		14734AED1E211C8000AE163F /* Assets.xcassets in Resources */ = {isa = PBXBuildFile; fileRef = 14734AEC1E211C8000AE163F /* Assets.xcassets */; };
		14734AF01E211C8000AE163F /* LaunchScreen.storyboard in Resources */ = {isa = PBXBuildFile; fileRef = 14734AEE1E211C8000AE163F /* LaunchScreen.storyboard */; };
		14734AF91E211CD800AE163F /* CoreLocation.framework in Frameworks */ = {isa = PBXBuildFile; fileRef = 14734AF81E211CD800AE163F /* CoreLocation.framework */; };
		14734AFB1E211CF200AE163F /* MapKit.framework in Frameworks */ = {isa = PBXBuildFile; fileRef = 14734AFA1E211CF200AE163F /* MapKit.framework */; };
		14734B041E21369D00AE163F /* MapViewController.m in Sources */ = {isa = PBXBuildFile; fileRef = 14734B031E21369D00AE163F /* MapViewController.m */; };
		14734B071E213BDF00AE163F /* WebInfoViewController.m in Sources */ = {isa = PBXBuildFile; fileRef = 14734B061E213BDF00AE163F /* WebInfoViewController.m */; };
		14734B091E21526800AE163F /* 21063616.png in Resources */ = {isa = PBXBuildFile; fileRef = 14734B081E21526800AE163F /* 21063616.png */; };
/* End PBXBuildFile section */

/* Begin PBXFileReference section */
		14734ADD1E211C8000AE163F /* Millennium.app */ = {isa = PBXFileReference; explicitFileType = wrapper.application; includeInIndex = 0; path = Millennium.app; sourceTree = BUILT_PRODUCTS_DIR; };
		14734AE11E211C8000AE163F /* main.m */ = {isa = PBXFileReference; lastKnownFileType = sourcecode.c.objc; path = main.m; sourceTree = "<group>"; };
		14734AE31E211C8000AE163F /* AppDelegate.h */ = {isa = PBXFileReference; lastKnownFileType = sourcecode.c.h; path = AppDelegate.h; sourceTree = "<group>"; };
		14734AE41E211C8000AE163F /* AppDelegate.m */ = {isa = PBXFileReference; lastKnownFileType = sourcecode.c.objc; path = AppDelegate.m; sourceTree = "<group>"; };
		14734AE61E211C8000AE163F /* ViewController.h */ = {isa = PBXFileReference; lastKnownFileType = sourcecode.c.h; path = ViewController.h; sourceTree = "<group>"; };
		14734AE71E211C8000AE163F /* ViewController.m */ = {isa = PBXFileReference; lastKnownFileType = sourcecode.c.objc; path = ViewController.m; sourceTree = "<group>"; };
		14734AEA1E211C8000AE163F /* Base */ = {isa = PBXFileReference; lastKnownFileType = file.storyboard; name = Base; path = Base.lproj/Main.storyboard; sourceTree = "<group>"; };
		14734AEC1E211C8000AE163F /* Assets.xcassets */ = {isa = PBXFileReference; lastKnownFileType = folder.assetcatalog; path = Assets.xcassets; sourceTree = "<group>"; };
		14734AEF1E211C8000AE163F /* Base */ = {isa = PBXFileReference; lastKnownFileType = file.storyboard; name = Base; path = Base.lproj/LaunchScreen.storyboard; sourceTree = "<group>"; };
		14734AF11E211C8000AE163F /* Info.plist */ = {isa = PBXFileReference; lastKnownFileType = text.plist.xml; path = Info.plist; sourceTree = "<group>"; };
		14734AF81E211CD800AE163F /* CoreLocation.framework */ = {isa = PBXFileReference; lastKnownFileType = wrapper.framework; name = CoreLocation.framework; path = System/Library/Frameworks/CoreLocation.framework; sourceTree = SDKROOT; };
		14734AFA1E211CF200AE163F /* MapKit.framework */ = {isa = PBXFileReference; lastKnownFileType = wrapper.framework; name = MapKit.framework; path = System/Library/Frameworks/MapKit.framework; sourceTree = SDKROOT; };
		14734B021E21369D00AE163F /* MapViewController.h */ = {isa = PBXFileReference; fileEncoding = 4; lastKnownFileType = sourcecode.c.h; path = MapViewController.h; sourceTree = "<group>"; };
		14734B031E21369D00AE163F /* MapViewController.m */ = {isa = PBXFileReference; fileEncoding = 4; lastKnownFileType = sourcecode.c.objc; path = MapViewController.m; sourceTree = "<group>"; };
		14734B051E213BDF00AE163F /* WebInfoViewController.h */ = {isa = PBXFileReference; fileEncoding = 4; lastKnownFileType = sourcecode.c.h; path = WebInfoViewController.h; sourceTree = "<group>"; };
		14734B061E213BDF00AE163F /* WebInfoViewController.m */ = {isa = PBXFileReference; fileEncoding = 4; lastKnownFileType = sourcecode.c.objc; path = WebInfoViewController.m; sourceTree = "<group>"; };
		14734B081E21526800AE163F /* 21063616.png */ = {isa = PBXFileReference; lastKnownFileType = image.png; path = 21063616.png; sourceTree = "<group>"; };
/* End PBXFileReference section */

/* Begin PBXFrameworksBuildPhase section */
		14734ADA1E211C8000AE163F /* Frameworks */ = {
			isa = PBXFrameworksBuildPhase;
			buildActionMask = 2147483647;
			files = (
				14734AFB1E211CF200AE163F /* MapKit.framework in Frameworks */,
				14734AF91E211CD800AE163F /* CoreLocation.framework in Frameworks */,
			);
			runOnlyForDeploymentPostprocessing = 0;
		};
/* End PBXFrameworksBuildPhase section */

/* Begin PBXGroup section */
		14734AD41E211C8000AE163F = {
			isa = PBXGroup;
			children = (
				14734ADF1E211C8000AE163F /* Millennium */,
				14734ADE1E211C8000AE163F /* Products */,
				14734AF71E211CD800AE163F /* Frameworks */,
			);
			sourceTree = "<group>";
		};
		14734ADE1E211C8000AE163F /* Products */ = {
			isa = PBXGroup;
			children = (
				14734ADD1E211C8000AE163F /* Millennium.app */,
			);
			name = Products;
			sourceTree = "<group>";
		};
		14734ADF1E211C8000AE163F /* Millennium */ = {
			isa = PBXGroup;
			children = (
				14734B021E21369D00AE163F /* MapViewController.h */,
				14734B031E21369D00AE163F /* MapViewController.m */,
				14734AE31E211C8000AE163F /* AppDelegate.h */,
				14734AE41E211C8000AE163F /* AppDelegate.m */,
				14734AE61E211C8000AE163F /* ViewController.h */,
				14734AE71E211C8000AE163F /* ViewController.m */,
				14734AE91E211C8000AE163F /* Main.storyboard */,
				14734B051E213BDF00AE163F /* WebInfoViewController.h */,
				14734B061E213BDF00AE163F /* WebInfoViewController.m */,
				14734AEC1E211C8000AE163F /* Assets.xcassets */,
				14734AEE1E211C8000AE163F /* LaunchScreen.storyboard */,
				14734AF11E211C8000AE163F /* Info.plist */,
				14734AE01E211C8000AE163F /* Supporting Files */,
			);
			path = Millennium;
			sourceTree = "<group>";
		};
		14734AE01E211C8000AE163F /* Supporting Files */ = {
			isa = PBXGroup;
			children = (
				14734B081E21526800AE163F /* 21063616.png */,
				14734AE11E211C8000AE163F /* main.m */,
			);
			name = "Supporting Files";
			sourceTree = "<group>";
		};
		14734AF71E211CD800AE163F /* Frameworks */ = {
			isa = PBXGroup;
			children = (
				14734AFA1E211CF200AE163F /* MapKit.framework */,
				14734AF81E211CD800AE163F /* CoreLocation.framework */,
			);
			name = Frameworks;
			sourceTree = "<group>";
		};
/* End PBXGroup section */

/* Begin PBXNativeTarget section */
		14734ADC1E211C8000AE163F /* Millennium */ = {
			isa = PBXNativeTarget;
			buildConfigurationList = 14734AF41E211C8000AE163F /* Build configuration list for PBXNativeTarget "Millennium" */;
			buildPhases = (
				14734AD91E211C8000AE163F /* Sources */,
				14734ADA1E211C8000AE163F /* Frameworks */,
				14734ADB1E211C8000AE163F /* Resources */,
			);
			buildRules = (
			);
			dependencies = (
			);
			name = Millennium;
			productName = Millennium;
			productReference = 14734ADD1E211C8000AE163F /* Millennium.app */;
			productType = "com.apple.product-type.application";
		};
/* End PBXNativeTarget section */

/* Begin PBXProject section */
		14734AD51E211C8000AE163F /* Project object */ = {
			isa = PBXProject;
			attributes = {
				LastUpgradeCheck = 0810;
				ORGANIZATIONNAME = "Daniel Earl";
				TargetAttributes = {
					14734ADC1E211C8000AE163F = {
						CreatedOnToolsVersion = 8.1;
						DevelopmentTeam = NLNPC5X4J8;
						ProvisioningStyle = Automatic;
						SystemCapabilities = {
							com.apple.DataProtection = {
								enabled = 0;
							};
						};
					};
				};
			};
			buildConfigurationList = 14734AD81E211C8000AE163F /* Build configuration list for PBXProject "Millennium" */;
			compatibilityVersion = "Xcode 3.2";
			developmentRegion = English;
			hasScannedForEncodings = 0;
			knownRegions = (
				en,
				Base,
			);
			mainGroup = 14734AD41E211C8000AE163F;
			productRefGroup = 14734ADE1E211C8000AE163F /* Products */;
			projectDirPath = "";
			projectRoot = "";
			targets = (
				14734ADC1E211C8000AE163F /* Millennium */,
			);
		};
/* End PBXProject section */

/* Begin PBXResourcesBuildPhase section */
		14734ADB1E211C8000AE163F /* Resources */ = {
			isa = PBXResourcesBuildPhase;
			buildActionMask = 2147483647;
			files = (
				14734AF01E211C8000AE163F /* LaunchScreen.storyboard in Resources */,
				14734B091E21526800AE163F /* 21063616.png in Resources */,
				14734AED1E211C8000AE163F /* Assets.xcassets in Resources */,
				14734AEB1E211C8000AE163F /* Main.storyboard in Resources */,
			);
			runOnlyForDeploymentPostprocessing = 0;
		};
/* End PBXResourcesBuildPhase section */

/* Begin PBXSourcesBuildPhase section */
		14734AD91E211C8000AE163F /* Sources */ = {
			isa = PBXSourcesBuildPhase;
			buildActionMask = 2147483647;
			files = (
				14734AE81E211C8000AE163F /* ViewController.m in Sources */,
				14734AE51E211C8000AE163F /* AppDelegate.m in Sources */,
				14734AE21E211C8000AE163F /* main.m in Sources */,
				14734B041E21369D00AE163F /* MapViewController.m in Sources */,
				14734B071E213BDF00AE163F /* WebInfoViewController.m in Sources */,
			);
			runOnlyForDeploymentPostprocessing = 0;
		};
/* End PBXSourcesBuildPhase section */

/* Begin PBXVariantGroup section */
		14734AE91E211C8000AE163F /* Main.storyboard */ = {
			isa = PBXVariantGroup;
			children = (
				14734AEA1E211C8000AE163F /* Base */,
			);
			name = Main.storyboard;
			sourceTree = "<group>";
		};
		14734AEE1E211C8000AE163F /* LaunchScreen.storyboard */ = {
			isa = PBXVariantGroup;
			children = (
				14734AEF1E211C8000AE163F /* Base */,
			);
			name = LaunchScreen.storyboard;
			sourceTree = "<group>";
		};
/* End PBXVariantGroup section */

/* Begin XCBuildConfiguration section */
		14734AF21E211C8000AE163F /* Debug */ = {
			isa = XCBuildConfiguration;
			buildSettings = {
				ALWAYS_SEARCH_USER_PATHS = NO;
				CLANG_ANALYZER_NONNULL = YES;
				CLANG_CXX_LANGUAGE_STANDARD = "gnu++0x";
				CLANG_CXX_LIBRARY = "libc++";
				CLANG_ENABLE_MODULES = YES;
				CLANG_ENABLE_OBJC_ARC = YES;
				CLANG_WARN_BOOL_CONVERSION = YES;
				CLANG_WARN_CONSTANT_CONVERSION = YES;
				CLANG_WARN_DIRECT_OBJC_ISA_USAGE = YES_ERROR;
				CLANG_WARN_DOCUMENTATION_COMMENTS = YES;
				CLANG_WARN_EMPTY_BODY = YES;
				CLANG_WARN_ENUM_CONVERSION = YES;
				CLANG_WARN_INFINITE_RECURSION = YES;
				CLANG_WARN_INT_CONVERSION = YES;
				CLANG_WARN_OBJC_ROOT_CLASS = YES_ERROR;
				CLANG_WARN_SUSPICIOUS_MOVES = YES;
				CLANG_WARN_UNREACHABLE_CODE = YES;
				CLANG_WARN__DUPLICATE_METHOD_MATCH = YES;
				"CODE_SIGN_IDENTITY[sdk=iphoneos*]" = "iPhone Developer";
				COPY_PHASE_STRIP = NO;
				DEBUG_INFORMATION_FORMAT = dwarf;
				ENABLE_STRICT_OBJC_MSGSEND = YES;
				ENABLE_TESTABILITY = YES;
				GCC_C_LANGUAGE_STANDARD = gnu99;
				GCC_DYNAMIC_NO_PIC = NO;
				GCC_NO_COMMON_BLOCKS = YES;
				GCC_OPTIMIZATION_LEVEL = 0;
				GCC_PREPROCESSOR_DEFINITIONS = (
					"DEBUG=1",
					"$(inherited)",
				);
				GCC_WARN_64_TO_32_BIT_CONVERSION = YES;
				GCC_WARN_ABOUT_RETURN_TYPE = YES_ERROR;
				GCC_WARN_UNDECLARED_SELECTOR = YES;
				GCC_WARN_UNINITIALIZED_AUTOS = YES_AGGRESSIVE;
				GCC_WARN_UNUSED_FUNCTION = YES;
				GCC_WARN_UNUSED_VARIABLE = YES;
				IPHONEOS_DEPLOYMENT_TARGET = 10.1;
				MTL_ENABLE_DEBUG_INFO = YES;
				ONLY_ACTIVE_ARCH = YES;
				SDKROOT = iphoneos;
			};
			name = Debug;
		};
		14734AF31E211C8000AE163F /* Release */ = {
			isa = XCBuildConfiguration;
			buildSettings = {
				ALWAYS_SEARCH_USER_PATHS = NO;
				CLANG_ANALYZER_NONNULL = YES;
				CLANG_CXX_LANGUAGE_STANDARD = "gnu++0x";
				CLANG_CXX_LIBRARY = "libc++";
				CLANG_ENABLE_MODULES = YES;
				CLANG_ENABLE_OBJC_ARC = YES;
				CLANG_WARN_BOOL_CONVERSION = YES;
				CLANG_WARN_CONSTANT_CONVERSION = YES;
				CLANG_WARN_DIRECT_OBJC_ISA_USAGE = YES_ERROR;
				CLANG_WARN_DOCUMENTATION_COMMENTS = YES;
				CLANG_WARN_EMPTY_BODY = YES;
				CLANG_WARN_ENUM_CONVERSION = YES;
				CLANG_WARN_INFINITE_RECURSION = YES;
				CLANG_WARN_INT_CONVERSION = YES;
				CLANG_WARN_OBJC_ROOT_CLASS = YES_ERROR;
				CLANG_WARN_SUSPICIOUS_MOVES = YES;
				CLANG_WARN_UNREACHABLE_CODE = YES;
				CLANG_WARN__DUPLICATE_METHOD_MATCH = YES;
				"CODE_SIGN_IDENTITY[sdk=iphoneos*]" = "iPhone Developer";
				COPY_PHASE_STRIP = NO;
				DEBUG_INFORMATION_FORMAT = "dwarf-with-dsym";
				ENABLE_NS_ASSERTIONS = NO;
				ENABLE_STRICT_OBJC_MSGSEND = YES;
				GCC_C_LANGUAGE_STANDARD = gnu99;
				GCC_NO_COMMON_BLOCKS = YES;
				GCC_WARN_64_TO_32_BIT_CONVERSION = YES;
				GCC_WARN_ABOUT_RETURN_TYPE = YES_ERROR;
				GCC_WARN_UNDECLARED_SELECTOR = YES;
				GCC_WARN_UNINITIALIZED_AUTOS = YES_AGGRESSIVE;
				GCC_WARN_UNUSED_FUNCTION = YES;
				GCC_WARN_UNUSED_VARIABLE = YES;
				IPHONEOS_DEPLOYMENT_TARGET = 10.1;
				MTL_ENABLE_DEBUG_INFO = NO;
				SDKROOT = iphoneos;
				VALIDATE_PRODUCT = YES;
			};
			name = Release;
		};
		14734AF51E211C8000AE163F /* Debug */ = {
			isa = XCBuildConfiguration;
			buildSettings = {
				ASSETCATALOG_COMPILER_APPICON_NAME = AppIcon;
				DEVELOPMENT_TEAM = NLNPC5X4J8;
				INFOPLIST_FILE = Millennium/Info.plist;
				IPHONEOS_DEPLOYMENT_TARGET = 9.0;
				LD_RUNPATH_SEARCH_PATHS = "$(inherited) @executable_path/Frameworks";
				PRODUCT_BUNDLE_IDENTIFIER = earldr.Millennium;
				PRODUCT_NAME = "$(TARGET_NAME)";
			};
			name = Debug;
		};
		14734AF61E211C8000AE163F /* Release */ = {
			isa = XCBuildConfiguration;
			buildSettings = {
				ASSETCATALOG_COMPILER_APPICON_NAME = AppIcon;
				DEVELOPMENT_TEAM = NLNPC5X4J8;
				INFOPLIST_FILE = Millennium/Info.plist;
				IPHONEOS_DEPLOYMENT_TARGET = 9.0;
				LD_RUNPATH_SEARCH_PATHS = "$(inherited) @executable_path/Frameworks";
				PRODUCT_BUNDLE_IDENTIFIER = earldr.Millennium;
				PRODUCT_NAME = "$(TARGET_NAME)";
			};
			name = Release;
		};
/* End XCBuildConfiguration section */

/* Begin XCConfigurationList section */
		14734AD81E211C8000AE163F /* Build configuration list for PBXProject "Millennium" */ = {
			isa = XCConfigurationList;
			buildConfigurations = (
				14734AF21E211C8000AE163F /* Debug */,
				14734AF31E211C8000AE163F /* Release */,
			);
			defaultConfigurationIsVisible = 0;
			defaultConfigurationName = Release;
		};
		14734AF41E211C8000AE163F /* Build configuration list for PBXNativeTarget "Millennium" */ = {
			isa = XCConfigurationList;
			buildConfigurations = (
				14734AF51E211C8000AE163F /* Debug */,
				14734AF61E211C8000AE163F /* Release */,
			);
			defaultConfigurationIsVisible = 0;
		};
/* End XCConfigurationList section */
	};
	rootObject = 14734AD51E211C8000AE163F /* Project object */;
}
